
Microsoft Visual Studio Solution File, Format Version 12.00
# Visual Studio Version 17
VisualStudioVersion = 17.2.32630.192
MinimumVisualStudioVersion = 10.0.40219.1
Project("{54A90642-561A-4BB1-A94E-469ADEE60C69}") = "TAPP_SignalR_Client", "TAPP_SignalR_Client.esproj", "{F192B390-128F-4AFD-8725-593190123400}"
	ProjectSection(ProjectDependencies) = postProject
		{8E1FD9E4-8844-43B3-8C32-55F436EF55E3} = {8E1FD9E4-8844-43B3-8C32-55F436EF55E3}
	EndProjectSection
EndProject
Project("{9A19103F-16F7-4668-BE54-9A1E7A4F7556}") = "TAPP_SignalR Server", "..\SignalR Server\TAPP_SignalR Server.csproj", "{8E1FD9E4-8844-43B3-8C32-55F436EF55E3}"
EndProject
Global
	GlobalSection(SolutionConfigurationPlatforms) = preSolution
		Debug|Any CPU = Debug|Any CPU
		Release|Any CPU = Release|Any CPU
	EndGlobalSection
	GlobalSection(ProjectConfigurationPlatforms) = postSolution
		{F192B390-128F-4AFD-8725-593190123400}.Debug|Any CPU.ActiveCfg = Debug|Any CPU
		{F192B390-128F-4AFD-8725-593190123400}.Debug|Any CPU.Build.0 = Debug|Any CPU
		{F192B390-128F-4AFD-8725-593190123400}.Debug|Any CPU.Deploy.0 = Debug|Any CPU
		{F192B390-128F-4AFD-8725-593190123400}.Release|Any CPU.ActiveCfg = Release|Any CPU
		{F192B390-128F-4AFD-8725-593190123400}.Release|Any CPU.Build.0 = Release|Any CPU
		{F192B390-128F-4AFD-8725-593190123400}.Release|Any CPU.Deploy.0 = Release|Any CPU
		{8E1FD9E4-8844-43B3-8C32-55F436EF55E3}.Debug|Any CPU.ActiveCfg = Debug|Any CPU
		{8E1FD9E4-8844-43B3-8C32-55F436EF55E3}.Debug|Any CPU.Build.0 = Debug|Any CPU
		{8E1FD9E4-8844-43B3-8C32-55F436EF55E3}.Release|Any CPU.ActiveCfg = Release|Any CPU
		{8E1FD9E4-8844-43B3-8C32-55F436EF55E3}.Release|Any CPU.Build.0 = Release|Any CPU
	EndGlobalSection
	GlobalSection(SolutionProperties) = preSolution
		HideSolutionNode = FALSE
	EndGlobalSection
	GlobalSection(ExtensibilityGlobals) = postSolution
		SolutionGuid = {B847A0BB-2DA5-4EB4-B270-14520964EBFD}
	EndGlobalSection
EndGlobal
